
Microsoft Visual Studio Solution File, Format Version 12.00
# Visual Studio Version 17
VisualStudioVersion = 17.0.31903.59
MinimumVisualStudioVersion = 10.0.40219.1
Project("{2150E333-8FDC-42A3-9474-1A3956D46DE8}") = "src", "src", "{88D2E26F-082D-4968-8118-825664D72597}"
EndProject
Project("{2150E333-8FDC-42A3-9474-1A3956D46DE8}") = "tests", "tests", "{F8A63476-8413-4D4F-A61A-CF2C43939D3C}"
EndProject
Project("{FAE04EC0-301F-11D3-BF4B-00C04F79EFBC}") = "LeaderBoard", "src\LeaderBoard\LeaderBoard.csproj", "{17C72F4A-2501-4656-9514-FC0E5FFB5B49}"
EndProject
Global
	GlobalSection(SolutionConfigurationPlatforms) = preSolution
		Debug|Any CPU = Debug|Any CPU
		Release|Any CPU = Release|Any CPU
	EndGlobalSection
	GlobalSection(ProjectConfigurationPlatforms) = postSolution
		{17C72F4A-2501-4656-9514-FC0E5FFB5B49}.Debug|Any CPU.ActiveCfg = Debug|Any CPU
		{17C72F4A-2501-4656-9514-FC0E5FFB5B49}.Debug|Any CPU.Build.0 = Debug|Any CPU
		{17C72F4A-2501-4656-9514-FC0E5FFB5B49}.Release|Any CPU.ActiveCfg = Release|Any CPU
		{17C72F4A-2501-4656-9514-FC0E5FFB5B49}.Release|Any CPU.Build.0 = Release|Any CPU
	EndGlobalSection
	GlobalSection(SolutionProperties) = preSolution
		HideSolutionNode = FALSE
	EndGlobalSection
	GlobalSection(NestedProjects) = preSolution
		{17C72F4A-2501-4656-9514-FC0E5FFB5B49} = {88D2E26F-082D-4968-8118-825664D72597}
	EndGlobalSection
	GlobalSection(ExtensibilityGlobals) = postSolution
		SolutionGuid = {59F2C710-374D-49B8-A1B2-12BB42E334B9}
	EndGlobalSection
EndGlobal
